// !$*UTF8*$!
{
	archiveVersion = 1;
	classes = {
	};
	objectVersion = 48;
	objects = {

/* Begin PBXBuildFile section */
		8D84080B208DCB1D00523853 /* HQToastTests.m in Sources */ = {isa = PBXBuildFile; fileRef = 8D84080A208DCB1D00523853 /* HQToastTests.m */; };
		8D840816208DCB1D00523853 /* HQToastUITests.m in Sources */ = {isa = PBXBuildFile; fileRef = 8D840815208DCB1D00523853 /* HQToastUITests.m */; };
		8D840830208DCB4E00523853 /* AppDelegate.m in Sources */ = {isa = PBXBuildFile; fileRef = 8D840825208DCB4E00523853 /* AppDelegate.m */; };
		8D840831208DCB4E00523853 /* Assets.xcassets in Resources */ = {isa = PBXBuildFile; fileRef = 8D840826208DCB4E00523853 /* Assets.xcassets */; };
		8D840832208DCB4E00523853 /* LaunchScreen.storyboard in Resources */ = {isa = PBXBuildFile; fileRef = 8D840827208DCB4E00523853 /* LaunchScreen.storyboard */; };
		8D840833208DCB4F00523853 /* Main.storyboard in Resources */ = {isa = PBXBuildFile; fileRef = 8D840829208DCB4E00523853 /* Main.storyboard */; };
		8D840834208DCB4F00523853 /* Info.plist in Resources */ = {isa = PBXBuildFile; fileRef = 8D84082B208DCB4E00523853 /* Info.plist */; };
		8D840835208DCB4F00523853 /* main.m in Sources */ = {isa = PBXBuildFile; fileRef = 8D84082C208DCB4E00523853 /* main.m */; };
		8D840836208DCB4F00523853 /* ViewController.m in Sources */ = {isa = PBXBuildFile; fileRef = 8D84082E208DCB4E00523853 /* ViewController.m */; };
		8D84083B208DCB7400523853 /* HQLabel.m in Sources */ = {isa = PBXBuildFile; fileRef = 8D840837208DCB7400523853 /* HQLabel.m */; };
		8D84083C208DCB7400523853 /* HQToast.m in Sources */ = {isa = PBXBuildFile; fileRef = 8D840839208DCB7400523853 /* HQToast.m */; };
/* End PBXBuildFile section */

/* Begin PBXContainerItemProxy section */
		8D840807208DCB1D00523853 /* PBXContainerItemProxy */ = {
			isa = PBXContainerItemProxy;
			containerPortal = 8D8407E6208DCB1D00523853 /* Project object */;
			proxyType = 1;
			remoteGlobalIDString = 8D8407ED208DCB1D00523853;
			remoteInfo = HQToast;
		};
		8D840812208DCB1D00523853 /* PBXContainerItemProxy */ = {
			isa = PBXContainerItemProxy;
			containerPortal = 8D8407E6208DCB1D00523853 /* Project object */;
			proxyType = 1;
			remoteGlobalIDString = 8D8407ED208DCB1D00523853;
			remoteInfo = HQToast;
		};
/* End PBXContainerItemProxy section */

/* Begin PBXFileReference section */
		8D8407EE208DCB1D00523853 /* HQToast.app */ = {isa = PBXFileReference; explicitFileType = wrapper.application; includeInIndex = 0; path = HQToast.app; sourceTree = BUILT_PRODUCTS_DIR; };
		8D840806208DCB1D00523853 /* HQToastTests.xctest */ = {isa = PBXFileReference; explicitFileType = wrapper.cfbundle; includeInIndex = 0; path = HQToastTests.xctest; sourceTree = BUILT_PRODUCTS_DIR; };
		8D84080A208DCB1D00523853 /* HQToastTests.m */ = {isa = PBXFileReference; lastKnownFileType = sourcecode.c.objc; path = HQToastTests.m; sourceTree = "<group>"; };
		8D84080C208DCB1D00523853 /* Info.plist */ = {isa = PBXFileReference; lastKnownFileType = text.plist.xml; path = Info.plist; sourceTree = "<group>"; };
		8D840811208DCB1D00523853 /* HQToastUITests.xctest */ = {isa = PBXFileReference; explicitFileType = wrapper.cfbundle; includeInIndex = 0; path = HQToastUITests.xctest; sourceTree = BUILT_PRODUCTS_DIR; };
		8D840815208DCB1D00523853 /* HQToastUITests.m */ = {isa = PBXFileReference; lastKnownFileType = sourcecode.c.objc; path = HQToastUITests.m; sourceTree = "<group>"; };
		8D840817208DCB1D00523853 /* Info.plist */ = {isa = PBXFileReference; lastKnownFileType = text.plist.xml; path = Info.plist; sourceTree = "<group>"; };
		8D840824208DCB4E00523853 /* AppDelegate.h */ = {isa = PBXFileReference; fileEncoding = 4; lastKnownFileType = sourcecode.c.h; path = AppDelegate.h; sourceTree = "<group>"; };
		8D840825208DCB4E00523853 /* AppDelegate.m */ = {isa = PBXFileReference; fileEncoding = 4; lastKnownFileType = sourcecode.c.objc; path = AppDelegate.m; sourceTree = "<group>"; };
		8D840826208DCB4E00523853 /* Assets.xcassets */ = {isa = PBXFileReference; lastKnownFileType = folder.assetcatalog; path = Assets.xcassets; sourceTree = "<group>"; };
		8D840828208DCB4E00523853 /* Base */ = {isa = PBXFileReference; lastKnownFileType = file.storyboard; name = Base; path = Base.lproj/LaunchScreen.storyboard; sourceTree = "<group>"; };
		8D84082A208DCB4E00523853 /* Base */ = {isa = PBXFileReference; lastKnownFileType = file.storyboard; name = Base; path = Base.lproj/Main.storyboard; sourceTree = "<group>"; };
		8D84082B208DCB4E00523853 /* Info.plist */ = {isa = PBXFileReference; fileEncoding = 4; lastKnownFileType = text.plist.xml; path = Info.plist; sourceTree = "<group>"; };
		8D84082C208DCB4E00523853 /* main.m */ = {isa = PBXFileReference; fileEncoding = 4; lastKnownFileType = sourcecode.c.objc; path = main.m; sourceTree = "<group>"; };
		8D84082D208DCB4E00523853 /* ViewController.h */ = {isa = PBXFileReference; fileEncoding = 4; lastKnownFileType = sourcecode.c.h; path = ViewController.h; sourceTree = "<group>"; };
		8D84082E208DCB4E00523853 /* ViewController.m */ = {isa = PBXFileReference; fileEncoding = 4; lastKnownFileType = sourcecode.c.objc; path = ViewController.m; sourceTree = "<group>"; };
		8D840837208DCB7400523853 /* HQLabel.m */ = {isa = PBXFileReference; fileEncoding = 4; lastKnownFileType = sourcecode.c.objc; path = HQLabel.m; sourceTree = "<group>"; };
		8D840838208DCB7400523853 /* HQLabel.h */ = {isa = PBXFileReference; fileEncoding = 4; lastKnownFileType = sourcecode.c.h; path = HQLabel.h; sourceTree = "<group>"; };
		8D840839208DCB7400523853 /* HQToast.m */ = {isa = PBXFileReference; fileEncoding = 4; lastKnownFileType = sourcecode.c.objc; path = HQToast.m; sourceTree = "<group>"; };
		8D84083A208DCB7400523853 /* HQToast.h */ = {isa = PBXFileReference; fileEncoding = 4; lastKnownFileType = sourcecode.c.h; path = HQToast.h; sourceTree = "<group>"; };
/* End PBXFileReference section */

/* Begin PBXFrameworksBuildPhase section */
		8D8407EB208DCB1D00523853 /* Frameworks */ = {
			isa = PBXFrameworksBuildPhase;
			buildActionMask = 2147483647;
			files = (
			);
			runOnlyForDeploymentPostprocessing = 0;
		};
		8D840803208DCB1D00523853 /* Frameworks */ = {
			isa = PBXFrameworksBuildPhase;
			buildActionMask = 2147483647;
			files = (
			);
			runOnlyForDeploymentPostprocessing = 0;
		};
		8D84080E208DCB1D00523853 /* Frameworks */ = {
			isa = PBXFrameworksBuildPhase;
			buildActionMask = 2147483647;
			files = (
			);
			runOnlyForDeploymentPostprocessing = 0;
		};
/* End PBXFrameworksBuildPhase section */

/* Begin PBXGroup section */
		8D8407E5208DCB1D00523853 = {
			isa = PBXGroup;
			children = (
				8D8407F0208DCB1D00523853 /* HQToast */,
				8D840809208DCB1D00523853 /* HQToastTests */,
				8D840814208DCB1D00523853 /* HQToastUITests */,
				8D8407EF208DCB1D00523853 /* Products */,
			);
			sourceTree = "<group>";
		};
		8D8407EF208DCB1D00523853 /* Products */ = {
			isa = PBXGroup;
			children = (
				8D8407EE208DCB1D00523853 /* HQToast.app */,
				8D840806208DCB1D00523853 /* HQToastTests.xctest */,
				8D840811208DCB1D00523853 /* HQToastUITests.xctest */,
			);
			name = Products;
			sourceTree = "<group>";
		};
		8D8407F0208DCB1D00523853 /* HQToast */ = {
			isa = PBXGroup;
			children = (
				8D84082F208DCB4E00523853 /* Source */,
				8D840823208DCB4E00523853 /* Demo */,
			);
			path = HQToast;
			sourceTree = "<group>";
		};
		8D840809208DCB1D00523853 /* HQToastTests */ = {
			isa = PBXGroup;
			children = (
				8D84080A208DCB1D00523853 /* HQToastTests.m */,
				8D84080C208DCB1D00523853 /* Info.plist */,
			);
			path = HQToastTests;
			sourceTree = "<group>";
		};
		8D840814208DCB1D00523853 /* HQToastUITests */ = {
			isa = PBXGroup;
			children = (
				8D840815208DCB1D00523853 /* HQToastUITests.m */,
				8D840817208DCB1D00523853 /* Info.plist */,
			);
			path = HQToastUITests;
			sourceTree = "<group>";
		};
		8D840823208DCB4E00523853 /* Demo */ = {
			isa = PBXGroup;
			children = (
				8D840824208DCB4E00523853 /* AppDelegate.h */,
				8D840825208DCB4E00523853 /* AppDelegate.m */,
				8D84082D208DCB4E00523853 /* ViewController.h */,
				8D84082E208DCB4E00523853 /* ViewController.m */,
				8D840827208DCB4E00523853 /* LaunchScreen.storyboard */,
				8D840826208DCB4E00523853 /* Assets.xcassets */,
				8D840829208DCB4E00523853 /* Main.storyboard */,
				8D84082B208DCB4E00523853 /* Info.plist */,
				8D84082C208DCB4E00523853 /* main.m */,
			);
			path = Demo;
			sourceTree = "<group>";
		};
		8D84082F208DCB4E00523853 /* Source */ = {
			isa = PBXGroup;
			children = (
				8D84083A208DCB7400523853 /* HQToast.h */,
				8D840839208DCB7400523853 /* HQToast.m */,
				8D840838208DCB7400523853 /* HQLabel.h */,
				8D840837208DCB7400523853 /* HQLabel.m */,
			);
			path = Source;
			sourceTree = "<group>";
		};
/* End PBXGroup section */

/* Begin PBXNativeTarget section */
		8D8407ED208DCB1D00523853 /* HQToast */ = {
			isa = PBXNativeTarget;
			buildConfigurationList = 8D84081A208DCB1D00523853 /* Build configuration list for PBXNativeTarget "HQToast" */;
			buildPhases = (
				8D8407EA208DCB1D00523853 /* Sources */,
				8D8407EB208DCB1D00523853 /* Frameworks */,
				8D8407EC208DCB1D00523853 /* Resources */,
			);
			buildRules = (
			);
			dependencies = (
			);
			name = HQToast;
			productName = HQToast;
			productReference = 8D8407EE208DCB1D00523853 /* HQToast.app */;
			productType = "com.apple.product-type.application";
		};
		8D840805208DCB1D00523853 /* HQToastTests */ = {
			isa = PBXNativeTarget;
			buildConfigurationList = 8D84081D208DCB1D00523853 /* Build configuration list for PBXNativeTarget "HQToastTests" */;
			buildPhases = (
				8D840802208DCB1D00523853 /* Sources */,
				8D840803208DCB1D00523853 /* Frameworks */,
				8D840804208DCB1D00523853 /* Resources */,
			);
			buildRules = (
			);
			dependencies = (
				8D840808208DCB1D00523853 /* PBXTargetDependency */,
			);
			name = HQToastTests;
			productName = HQToastTests;
			productReference = 8D840806208DCB1D00523853 /* HQToastTests.xctest */;
			productType = "com.apple.product-type.bundle.unit-test";
		};
		8D840810208DCB1D00523853 /* HQToastUITests */ = {
			isa = PBXNativeTarget;
			buildConfigurationList = 8D840820208DCB1D00523853 /* Build configuration list for PBXNativeTarget "HQToastUITests" */;
			buildPhases = (
				8D84080D208DCB1D00523853 /* Sources */,
				8D84080E208DCB1D00523853 /* Frameworks */,
				8D84080F208DCB1D00523853 /* Resources */,
			);
			buildRules = (
			);
			dependencies = (
				8D840813208DCB1D00523853 /* PBXTargetDependency */,
			);
			name = HQToastUITests;
			productName = HQToastUITests;
			productReference = 8D840811208DCB1D00523853 /* HQToastUITests.xctest */;
			productType = "com.apple.product-type.bundle.ui-testing";
		};
/* End PBXNativeTarget section */

/* Begin PBXProject section */
		8D8407E6208DCB1D00523853 /* Project object */ = {
			isa = PBXProject;
			attributes = {
				LastUpgradeCheck = 0920;
				ORGANIZATIONNAME = HQ;
				TargetAttributes = {
					8D8407ED208DCB1D00523853 = {
						CreatedOnToolsVersion = 9.2;
						ProvisioningStyle = Automatic;
					};
					8D840805208DCB1D00523853 = {
						CreatedOnToolsVersion = 9.2;
						ProvisioningStyle = Automatic;
						TestTargetID = 8D8407ED208DCB1D00523853;
					};
					8D840810208DCB1D00523853 = {
						CreatedOnToolsVersion = 9.2;
						ProvisioningStyle = Automatic;
						TestTargetID = 8D8407ED208DCB1D00523853;
					};
				};
			};
			buildConfigurationList = 8D8407E9208DCB1D00523853 /* Build configuration list for PBXProject "HQToast" */;
			compatibilityVersion = "Xcode 8.0";
			developmentRegion = en;
			hasScannedForEncodings = 0;
			knownRegions = (
				en,
				Base,
			);
			mainGroup = 8D8407E5208DCB1D00523853;
			productRefGroup = 8D8407EF208DCB1D00523853 /* Products */;
			projectDirPath = "";
			projectRoot = "";
			targets = (
				8D8407ED208DCB1D00523853 /* HQToast */,
				8D840805208DCB1D00523853 /* HQToastTests */,
				8D840810208DCB1D00523853 /* HQToastUITests */,
			);
		};
/* End PBXProject section */

/* Begin PBXResourcesBuildPhase section */
		8D8407EC208DCB1D00523853 /* Resources */ = {
			isa = PBXResourcesBuildPhase;
			buildActionMask = 2147483647;
			files = (
				8D840831208DCB4E00523853 /* Assets.xcassets in Resources */,
				8D840833208DCB4F00523853 /* Main.storyboard in Resources */,
				8D840832208DCB4E00523853 /* LaunchScreen.storyboard in Resources */,
				8D840834208DCB4F00523853 /* Info.plist in Resources */,
			);
			runOnlyForDeploymentPostprocessing = 0;
		};
		8D840804208DCB1D00523853 /* Resources */ = {
			isa = PBXResourcesBuildPhase;
			buildActionMask = 2147483647;
			files = (
			);
			runOnlyForDeploymentPostprocessing = 0;
		};
		8D84080F208DCB1D00523853 /* Resources */ = {
			isa = PBXResourcesBuildPhase;
			buildActionMask = 2147483647;
			files = (
			);
			runOnlyForDeploymentPostprocessing = 0;
		};
/* End PBXResourcesBuildPhase section */

/* Begin PBXSourcesBuildPhase section */
		8D8407EA208DCB1D00523853 /* Sources */ = {
			isa = PBXSourcesBuildPhase;
			buildActionMask = 2147483647;
			files = (
				8D840836208DCB4F00523853 /* ViewController.m in Sources */,
				8D84083C208DCB7400523853 /* HQToast.m in Sources */,
				8D84083B208DCB7400523853 /* HQLabel.m in Sources */,
				8D840835208DCB4F00523853 /* main.m in Sources */,
				8D840830208DCB4E00523853 /* AppDelegate.m in Sources */,
			);
			runOnlyForDeploymentPostprocessing = 0;
		};
		8D840802208DCB1D00523853 /* Sources */ = {
			isa = PBXSourcesBuildPhase;
			buildActionMask = 2147483647;
			files = (
				8D84080B208DCB1D00523853 /* HQToastTests.m in Sources */,
			);
			runOnlyForDeploymentPostprocessing = 0;
		};
		8D84080D208DCB1D00523853 /* Sources */ = {
			isa = PBXSourcesBuildPhase;
			buildActionMask = 2147483647;
			files = (
				8D840816208DCB1D00523853 /* HQToastUITests.m in Sources */,
			);
			runOnlyForDeploymentPostprocessing = 0;
		};
/* End PBXSourcesBuildPhase section */

/* Begin PBXTargetDependency section */
		8D840808208DCB1D00523853 /* PBXTargetDependency */ = {
			isa = PBXTargetDependency;
			target = 8D8407ED208DCB1D00523853 /* HQToast */;
			targetProxy = 8D840807208DCB1D00523853 /* PBXContainerItemProxy */;
		};
		8D840813208DCB1D00523853 /* PBXTargetDependency */ = {
			isa = PBXTargetDependency;
			target = 8D8407ED208DCB1D00523853 /* HQToast */;
			targetProxy = 8D840812208DCB1D00523853 /* PBXContainerItemProxy */;
		};
/* End PBXTargetDependency section */

/* Begin PBXVariantGroup section */
		8D840827208DCB4E00523853 /* LaunchScreen.storyboard */ = {
			isa = PBXVariantGroup;
			children = (
				8D840828208DCB4E00523853 /* Base */,
			);
			name = LaunchScreen.storyboard;
			sourceTree = "<group>";
		};
		8D840829208DCB4E00523853 /* Main.storyboard */ = {
			isa = PBXVariantGroup;
			children = (
				8D84082A208DCB4E00523853 /* Base */,
			);
			name = Main.storyboard;
			sourceTree = "<group>";
		};
/* End PBXVariantGroup section */

/* Begin XCBuildConfiguration section */
		8D840818208DCB1D00523853 /* Debug */ = {
			isa = XCBuildConfiguration;
			buildSettings = {
				ALWAYS_SEARCH_USER_PATHS = NO;
				CLANG_ANALYZER_NONNULL = YES;
				CLANG_ANALYZER_NUMBER_OBJECT_CONVERSION = YES_AGGRESSIVE;
				CLANG_CXX_LANGUAGE_STANDARD = "gnu++14";
				CLANG_CXX_LIBRARY = "libc++";
				CLANG_ENABLE_MODULES = YES;
				CLANG_ENABLE_OBJC_ARC = YES;
				CLANG_WARN_BLOCK_CAPTURE_AUTORELEASING = YES;
				CLANG_WARN_BOOL_CONVERSION = YES;
				CLANG_WARN_COMMA = YES;
				CLANG_WARN_CONSTANT_CONVERSION = YES;
				CLANG_WARN_DIRECT_OBJC_ISA_USAGE = YES_ERROR;
				CLANG_WARN_DOCUMENTATION_COMMENTS = YES;
				CLANG_WARN_EMPTY_BODY = YES;
				CLANG_WARN_ENUM_CONVERSION = YES;
				CLANG_WARN_INFINITE_RECURSION = YES;
				CLANG_WARN_INT_CONVERSION = YES;
				CLANG_WARN_NON_LITERAL_NULL_CONVERSION = YES;
				CLANG_WARN_OBJC_LITERAL_CONVERSION = YES;
				CLANG_WARN_OBJC_ROOT_CLASS = YES_ERROR;
				CLANG_WARN_RANGE_LOOP_ANALYSIS = YES;
				CLANG_WARN_STRICT_PROTOTYPES = YES;
				CLANG_WARN_SUSPICIOUS_MOVE = YES;
				CLANG_WARN_UNGUARDED_AVAILABILITY = YES_AGGRESSIVE;
				CLANG_WARN_UNREACHABLE_CODE = YES;
				CLANG_WARN__DUPLICATE_METHOD_MATCH = YES;
				CODE_SIGN_IDENTITY = "iPhone Developer";
				COPY_PHASE_STRIP = NO;
				DEBUG_INFORMATION_FORMAT = dwarf;
				ENABLE_STRICT_OBJC_MSGSEND = YES;
				ENABLE_TESTABILITY = YES;
				GCC_C_LANGUAGE_STANDARD = gnu11;
				GCC_DYNAMIC_NO_PIC = NO;
				GCC_NO_COMMON_BLOCKS = YES;
				GCC_OPTIMIZATION_LEVEL = 0;
				GCC_PREPROCESSOR_DEFINITIONS = (
					"DEBUG=1",
					"$(inherited)",
				);
				GCC_WARN_64_TO_32_BIT_CONVERSION = YES;
				GCC_WARN_ABOUT_RETURN_TYPE = YES_ERROR;
				GCC_WARN_UNDECLARED_SELECTOR = YES;
				GCC_WARN_UNINITIALIZED_AUTOS = YES_AGGRESSIVE;
				GCC_WARN_UNUSED_FUNCTION = YES;
				GCC_WARN_UNUSED_VARIABLE = YES;
				IPHONEOS_DEPLOYMENT_TARGET = 11.2;
				MTL_ENABLE_DEBUG_INFO = YES;
				ONLY_ACTIVE_ARCH = YES;
				SDKROOT = iphoneos;
			};
			name = Debug;
		};
		8D840819208DCB1D00523853 /* Release */ = {
			isa = XCBuildConfiguration;
			buildSettings = {
				ALWAYS_SEARCH_USER_PATHS = NO;
				CLANG_ANALYZER_NONNULL = YES;
				CLANG_ANALYZER_NUMBER_OBJECT_CONVERSION = YES_AGGRESSIVE;
				CLANG_CXX_LANGUAGE_STANDARD = "gnu++14";
				CLANG_CXX_LIBRARY = "libc++";
				CLANG_ENABLE_MODULES = YES;
				CLANG_ENABLE_OBJC_ARC = YES;
				CLANG_WARN_BLOCK_CAPTURE_AUTORELEASING = YES;
				CLANG_WARN_BOOL_CONVERSION = YES;
				CLANG_WARN_COMMA = YES;
				CLANG_WARN_CONSTANT_CONVERSION = YES;
				CLANG_WARN_DIRECT_OBJC_ISA_USAGE = YES_ERROR;
				CLANG_WARN_DOCUMENTATION_COMMENTS = YES;
				CLANG_WARN_EMPTY_BODY = YES;
				CLANG_WARN_ENUM_CONVERSION = YES;
				CLANG_WARN_INFINITE_RECURSION = YES;
				CLANG_WARN_INT_CONVERSION = YES;
				CLANG_WARN_NON_LITERAL_NULL_CONVERSION = YES;
				CLANG_WARN_OBJC_LITERAL_CONVERSION = YES;
				CLANG_WARN_OBJC_ROOT_CLASS = YES_ERROR;
				CLANG_WARN_RANGE_LOOP_ANALYSIS = YES;
				CLANG_WARN_STRICT_PROTOTYPES = YES;
				CLANG_WARN_SUSPICIOUS_MOVE = YES;
				CLANG_WARN_UNGUARDED_AVAILABILITY = YES_AGGRESSIVE;
				CLANG_WARN_UNREACHABLE_CODE = YES;
				CLANG_WARN__DUPLICATE_METHOD_MATCH = YES;
				CODE_SIGN_IDENTITY = "iPhone Developer";
				COPY_PHASE_STRIP = NO;
				DEBUG_INFORMATION_FORMAT = "dwarf-with-dsym";
				ENABLE_NS_ASSERTIONS = NO;
				ENABLE_STRICT_OBJC_MSGSEND = YES;
				GCC_C_LANGUAGE_STANDARD = gnu11;
				GCC_NO_COMMON_BLOCKS = YES;
				GCC_WARN_64_TO_32_BIT_CONVERSION = YES;
				GCC_WARN_ABOUT_RETURN_TYPE = YES_ERROR;
				GCC_WARN_UNDECLARED_SELECTOR = YES;
				GCC_WARN_UNINITIALIZED_AUTOS = YES_AGGRESSIVE;
				GCC_WARN_UNUSED_FUNCTION = YES;
				GCC_WARN_UNUSED_VARIABLE = YES;
				IPHONEOS_DEPLOYMENT_TARGET = 11.2;
				MTL_ENABLE_DEBUG_INFO = NO;
				SDKROOT = iphoneos;
				VALIDATE_PRODUCT = YES;
			};
			name = Release;
		};
		8D84081B208DCB1D00523853 /* Debug */ = {
			isa = XCBuildConfiguration;
			buildSettings = {
				ASSETCATALOG_COMPILER_APPICON_NAME = AppIcon;
				CODE_SIGN_STYLE = Automatic;
				DEVELOPMENT_TEAM = "";
				INFOPLIST_FILE = "HQToast//Demo/Info.plist";
				LD_RUNPATH_SEARCH_PATHS = "$(inherited) @executable_path/Frameworks";
				PRODUCT_BUNDLE_IDENTIFIER = com.whq.HQToast;
				PRODUCT_NAME = "$(TARGET_NAME)";
				TARGETED_DEVICE_FAMILY = 1;
			};
			name = Debug;
		};
		8D84081C208DCB1D00523853 /* Release */ = {
			isa = XCBuildConfiguration;
			buildSettings = {
				ASSETCATALOG_COMPILER_APPICON_NAME = AppIcon;
				CODE_SIGN_STYLE = Automatic;
				DEVELOPMENT_TEAM = "";
				INFOPLIST_FILE = "HQToast//Demo/Info.plist";
				LD_RUNPATH_SEARCH_PATHS = "$(inherited) @executable_path/Frameworks";
				PRODUCT_BUNDLE_IDENTIFIER = com.whq.HQToast;
				PRODUCT_NAME = "$(TARGET_NAME)";
				TARGETED_DEVICE_FAMILY = 1;
			};
			name = Release;
		};
		8D84081E208DCB1D00523853 /* Debug */ = {
			isa = XCBuildConfiguration;
			buildSettings = {
				BUNDLE_LOADER = "$(TEST_HOST)";
				CODE_SIGN_STYLE = Automatic;
				INFOPLIST_FILE = HQToastTests/Info.plist;
				LD_RUNPATH_SEARCH_PATHS = "$(inherited) @executable_path/Frameworks @loader_path/Frameworks";
				PRODUCT_BUNDLE_IDENTIFIER = com.whq.HQToastTests;
				PRODUCT_NAME = "$(TARGET_NAME)";
				TARGETED_DEVICE_FAMILY = "1,2";
				TEST_HOST = "$(BUILT_PRODUCTS_DIR)/HQToast.app/HQToast";
			};
			name = Debug;
		};
		8D84081F208DCB1D00523853 /* Release */ = {
			isa = XCBuildConfiguration;
			buildSettings = {
				BUNDLE_LOADER = "$(TEST_HOST)";
				CODE_SIGN_STYLE = Automatic;
				INFOPLIST_FILE = HQToastTests/Info.plist;
				LD_RUNPATH_SEARCH_PATHS = "$(inherited) @executable_path/Frameworks @loader_path/Frameworks";
				PRODUCT_BUNDLE_IDENTIFIER = com.whq.HQToastTests;
				PRODUCT_NAME = "$(TARGET_NAME)";
				TARGETED_DEVICE_FAMILY = "1,2";
				TEST_HOST = "$(BUILT_PRODUCTS_DIR)/HQToast.app/HQToast";
			};
			name = Release;
		};
		8D840821208DCB1D00523853 /* Debug */ = {
			isa = XCBuildConfiguration;
			buildSettings = {
				CODE_SIGN_STYLE = Automatic;
				INFOPLIST_FILE = HQToastUITests/Info.plist;
				LD_RUNPATH_SEARCH_PATHS = "$(inherited) @executable_path/Frameworks @loader_path/Frameworks";
				PRODUCT_BUNDLE_IDENTIFIER = com.whq.HQToastUITests;
				PRODUCT_NAME = "$(TARGET_NAME)";
				TARGETED_DEVICE_FAMILY = "1,2";
				TEST_TARGET_NAME = HQToast;
			};
			name = Debug;
		};
		8D840822208DCB1D00523853 /* Release */ = {
			isa = XCBuildConfiguration;
			buildSettings = {
				CODE_SIGN_STYLE = Automatic;
				INFOPLIST_FILE = HQToastUITests/Info.plist;
				LD_RUNPATH_SEARCH_PATHS = "$(inherited) @executable_path/Frameworks @loader_path/Frameworks";
				PRODUCT_BUNDLE_IDENTIFIER = com.whq.HQToastUITests;
				PRODUCT_NAME = "$(TARGET_NAME)";
				TARGETED_DEVICE_FAMILY = "1,2";
				TEST_TARGET_NAME = HQToast;
			};
			name = Release;
		};
/* End XCBuildConfiguration section */

/* Begin XCConfigurationList section */
		8D8407E9208DCB1D00523853 /* Build configuration list for PBXProject "HQToast" */ = {
			isa = XCConfigurationList;
			buildConfigurations = (
				8D840818208DCB1D00523853 /* Debug */,
				8D840819208DCB1D00523853 /* Release */,
			);
			defaultConfigurationIsVisible = 0;
			defaultConfigurationName = Release;
		};
		8D84081A208DCB1D00523853 /* Build configuration list for PBXNativeTarget "HQToast" */ = {
			isa = XCConfigurationList;
			buildConfigurations = (
				8D84081B208DCB1D00523853 /* Debug */,
				8D84081C208DCB1D00523853 /* Release */,
			);
			defaultConfigurationIsVisible = 0;
			defaultConfigurationName = Release;
		};
		8D84081D208DCB1D00523853 /* Build configuration list for PBXNativeTarget "HQToastTests" */ = {
			isa = XCConfigurationList;
			buildConfigurations = (
				8D84081E208DCB1D00523853 /* Debug */,
				8D84081F208DCB1D00523853 /* Release */,
			);
			defaultConfigurationIsVisible = 0;
			defaultConfigurationName = Release;
		};
		8D840820208DCB1D00523853 /* Build configuration list for PBXNativeTarget "HQToastUITests" */ = {
			isa = XCConfigurationList;
			buildConfigurations = (
				8D840821208DCB1D00523853 /* Debug */,
				8D840822208DCB1D00523853 /* Release */,
			);
			defaultConfigurationIsVisible = 0;
			defaultConfigurationName = Release;
		};
/* End XCConfigurationList section */
	};
	rootObject = 8D8407E6208DCB1D00523853 /* Project object */;
}
